
Microsoft Visual Studio Solution File, Format Version 12.00
# Visual Studio 14
VisualStudioVersion = 14.0.25123.0
MinimumVisualStudioVersion = 10.0.40219.1
Project("{2150E333-8FDC-42A3-9474-1A3956D46DE8}") = "Solution Items", "Solution Items", "{C3BFB2E0-8697-4BA3-9C9F-D4FE7BE9C809}"
	ProjectSection(SolutionItems) = preProject
		.gitattributes = .gitattributes
		.gitignore = .gitignore
		LICENSE.md = LICENSE.md
		README.md = README.md
		TODO.md = TODO.md
	EndProjectSection
EndProject
Project("{FAE04EC0-301F-11D3-BF4B-00C04F79EFBC}") = "ValueTypeAssertions.Tests", "ValueTypeAssertions.Tests\ValueTypeAssertions.Tests.csproj", "{84F91A31-17F9-406C-BAD4-B3B8A71CDD0F}"
EndProject
Project("{FAE04EC0-301F-11D3-BF4B-00C04F79EFBC}") = "ValueTypeAssertions", "ValueTypeAssertions\ValueTypeAssertions.csproj", "{7F27D5B3-A517-4B70-9368-5A52CE3205AC}"
EndProject
Global
	GlobalSection(SolutionConfigurationPlatforms) = preSolution
		Debug|Any CPU = Debug|Any CPU
		Release|Any CPU = Release|Any CPU
	EndGlobalSection
	GlobalSection(ProjectConfigurationPlatforms) = postSolution
		{84F91A31-17F9-406C-BAD4-B3B8A71CDD0F}.Debug|Any CPU.ActiveCfg = Debug|Any CPU
		{84F91A31-17F9-406C-BAD4-B3B8A71CDD0F}.Debug|Any CPU.Build.0 = Debug|Any CPU
		{84F91A31-17F9-406C-BAD4-B3B8A71CDD0F}.Release|Any CPU.ActiveCfg = Release|Any CPU
		{84F91A31-17F9-406C-BAD4-B3B8A71CDD0F}.Release|Any CPU.Build.0 = Release|Any CPU
		{7F27D5B3-A517-4B70-9368-5A52CE3205AC}.Debug|Any CPU.ActiveCfg = Debug|Any CPU
		{7F27D5B3-A517-4B70-9368-5A52CE3205AC}.Debug|Any CPU.Build.0 = Debug|Any CPU
		{7F27D5B3-A517-4B70-9368-5A52CE3205AC}.Release|Any CPU.ActiveCfg = Release|Any CPU
		{7F27D5B3-A517-4B70-9368-5A52CE3205AC}.Release|Any CPU.Build.0 = Release|Any CPU
	EndGlobalSection
	GlobalSection(SolutionProperties) = preSolution
		HideSolutionNode = FALSE
	EndGlobalSection
EndGlobal
